{
  "name": "liff-starter",
  "version": "3.0.0",
  "lockfileVersion": 3,
  "requires": true,
  "packages": {
    "": {
      "name": "liff-starter",
      "version": "3.0.0",
      "devDependencies": {
        "@netlify/plugin-nextjs": "^5.8.1"
      }
    },
    "node_modules/@netlify/plugin-nextjs": {
      "version": "5.8.1",
      "resolved": "https://registry.npmjs.org/@netlify/plugin-nextjs/-/plugin-nextjs-5.8.1.tgz",
      "integrity": "sha512-WB1N0FslhWZ1yAVYTcB6CcFrFOUSQ0O2LfavYZrbAypeNxu2I+oO+cgmhfDgZ8Eoq1g4EMeoIGMkNoZ4ogZTsg==",
      "dev": true,
      "license": "MIT",
      "engines": {
        "node": ">=18.0.0"
      }
    }
  }
}
